
Microsoft Visual Studio Solution File, Format Version 12.00
# Visual Studio 15
VisualStudioVersion = 15.0.26430.6
MinimumVisualStudioVersion = 10.0.40219.1
Project("{D954291E-2A0B-460D-934E-DC6B0785DB48}") = "CosmosHack", "CosmosHack\CosmosHack\CosmosHack.shproj", "{4EB5DFB0-6470-4A99-AA9A-BF16D2AC5F8E}"
EndProject
Project("{FAE04EC0-301F-11D3-BF4B-00C04F79EFBC}") = "CosmosHack.Android", "CosmosHack\CosmosHack.Android\CosmosHack.Android.csproj", "{3F664E6C-93BF-4D67-AD7C-8DDD17F0C44E}"
EndProject
Project("{FAE04EC0-301F-11D3-BF4B-00C04F79EFBC}") = "CosmosHack.iOS", "CosmosHack\CosmosHack.iOS\CosmosHack.iOS.csproj", "{4E7934B7-FE0F-4188-9D6D-C30D354CB7F4}"
EndProject
Project("{FAE04EC0-301F-11D3-BF4B-00C04F79EFBC}") = "CosmosHack.UWP", "CosmosHack\CosmosHack.UWP\CosmosHack.UWP.csproj", "{A6D7455A-31EE-4648-89A4-9EF0C1459829}"
EndProject
Global
	GlobalSection(SharedMSBuildProjectFiles) = preSolution
		CosmosHack\CosmosHack\CosmosHack.projitems*{3f664e6c-93bf-4d67-ad7c-8ddd17f0c44e}*SharedItemsImports = 4
		CosmosHack\CosmosHack\CosmosHack.projitems*{4e7934b7-fe0f-4188-9d6d-c30d354cb7f4}*SharedItemsImports = 4
		CosmosHack\CosmosHack\CosmosHack.projitems*{4eb5dfb0-6470-4a99-aa9a-bf16d2ac5f8e}*SharedItemsImports = 13
	EndGlobalSection
	GlobalSection(SolutionConfigurationPlatforms) = preSolution
		Ad-Hoc|Any CPU = Ad-Hoc|Any CPU
		Ad-Hoc|ARM = Ad-Hoc|ARM
		Ad-Hoc|iPhone = Ad-Hoc|iPhone
		Ad-Hoc|iPhoneSimulator = Ad-Hoc|iPhoneSimulator
		Ad-Hoc|x64 = Ad-Hoc|x64
		Ad-Hoc|x86 = Ad-Hoc|x86
		AppStore|Any CPU = AppStore|Any CPU
		AppStore|ARM = AppStore|ARM
		AppStore|iPhone = AppStore|iPhone
		AppStore|iPhoneSimulator = AppStore|iPhoneSimulator
		AppStore|x64 = AppStore|x64
		AppStore|x86 = AppStore|x86
		Debug|Any CPU = Debug|Any CPU
		Debug|ARM = Debug|ARM
		Debug|iPhone = Debug|iPhone
		Debug|iPhoneSimulator = Debug|iPhoneSimulator
		Debug|x64 = Debug|x64
		Debug|x86 = Debug|x86
		Release|Any CPU = Release|Any CPU
		Release|ARM = Release|ARM
		Release|iPhone = Release|iPhone
		Release|iPhoneSimulator = Release|iPhoneSimulator
		Release|x64 = Release|x64
		Release|x86 = Release|x86
	EndGlobalSection
	GlobalSection(ProjectConfigurationPlatforms) = postSolution
		{3F664E6C-93BF-4D67-AD7C-8DDD17F0C44E}.Ad-Hoc|Any CPU.ActiveCfg = Release|Any CPU
		{3F664E6C-93BF-4D67-AD7C-8DDD17F0C44E}.Ad-Hoc|Any CPU.Build.0 = Release|Any CPU
		{3F664E6C-93BF-4D67-AD7C-8DDD17F0C44E}.Ad-Hoc|Any CPU.Deploy.0 = Release|Any CPU
		{3F664E6C-93BF-4D67-AD7C-8DDD17F0C44E}.Ad-Hoc|ARM.ActiveCfg = Release|Any CPU
		{3F664E6C-93BF-4D67-AD7C-8DDD17F0C44E}.Ad-Hoc|ARM.Build.0 = Release|Any CPU
		{3F664E6C-93BF-4D67-AD7C-8DDD17F0C44E}.Ad-Hoc|ARM.Deploy.0 = Release|Any CPU
		{3F664E6C-93BF-4D67-AD7C-8DDD17F0C44E}.Ad-Hoc|iPhone.ActiveCfg = Release|Any CPU
		{3F664E6C-93BF-4D67-AD7C-8DDD17F0C44E}.Ad-Hoc|iPhone.Build.0 = Release|Any CPU
		{3F664E6C-93BF-4D67-AD7C-8DDD17F0C44E}.Ad-Hoc|iPhone.Deploy.0 = Release|Any CPU
		{3F664E6C-93BF-4D67-AD7C-8DDD17F0C44E}.Ad-Hoc|iPhoneSimulator.ActiveCfg = Release|Any CPU
		{3F664E6C-93BF-4D67-AD7C-8DDD17F0C44E}.Ad-Hoc|iPhoneSimulator.Build.0 = Release|Any CPU
		{3F664E6C-93BF-4D67-AD7C-8DDD17F0C44E}.Ad-Hoc|iPhoneSimulator.Deploy.0 = Release|Any CPU
		{3F664E6C-93BF-4D67-AD7C-8DDD17F0C44E}.Ad-Hoc|x64.ActiveCfg = Release|Any CPU
		{3F664E6C-93BF-4D67-AD7C-8DDD17F0C44E}.Ad-Hoc|x64.Build.0 = Release|Any CPU
		{3F664E6C-93BF-4D67-AD7C-8DDD17F0C44E}.Ad-Hoc|x64.Deploy.0 = Release|Any CPU
		{3F664E6C-93BF-4D67-AD7C-8DDD17F0C44E}.Ad-Hoc|x86.ActiveCfg = Release|Any CPU
		{3F664E6C-93BF-4D67-AD7C-8DDD17F0C44E}.Ad-Hoc|x86.Build.0 = Release|Any CPU
		{3F664E6C-93BF-4D67-AD7C-8DDD17F0C44E}.Ad-Hoc|x86.Deploy.0 = Release|Any CPU
		{3F664E6C-93BF-4D67-AD7C-8DDD17F0C44E}.AppStore|Any CPU.ActiveCfg = Release|Any CPU
		{3F664E6C-93BF-4D67-AD7C-8DDD17F0C44E}.AppStore|Any CPU.Build.0 = Release|Any CPU
		{3F664E6C-93BF-4D67-AD7C-8DDD17F0C44E}.AppStore|Any CPU.Deploy.0 = Release|Any CPU
		{3F664E6C-93BF-4D67-AD7C-8DDD17F0C44E}.AppStore|ARM.ActiveCfg = Release|Any CPU
		{3F664E6C-93BF-4D67-AD7C-8DDD17F0C44E}.AppStore|ARM.Build.0 = Release|Any CPU
		{3F664E6C-93BF-4D67-AD7C-8DDD17F0C44E}.AppStore|ARM.Deploy.0 = Release|Any CPU
		{3F664E6C-93BF-4D67-AD7C-8DDD17F0C44E}.AppStore|iPhone.ActiveCfg = Release|Any CPU
		{3F664E6C-93BF-4D67-AD7C-8DDD17F0C44E}.AppStore|iPhone.Build.0 = Release|Any CPU
		{3F664E6C-93BF-4D67-AD7C-8DDD17F0C44E}.AppStore|iPhone.Deploy.0 = Release|Any CPU
		{3F664E6C-93BF-4D67-AD7C-8DDD17F0C44E}.AppStore|iPhoneSimulator.ActiveCfg = Release|Any CPU
		{3F664E6C-93BF-4D67-AD7C-8DDD17F0C44E}.AppStore|iPhoneSimulator.Build.0 = Release|Any CPU
		{3F664E6C-93BF-4D67-AD7C-8DDD17F0C44E}.AppStore|iPhoneSimulator.Deploy.0 = Release|Any CPU
		{3F664E6C-93BF-4D67-AD7C-8DDD17F0C44E}.AppStore|x64.ActiveCfg = Release|Any CPU
		{3F664E6C-93BF-4D67-AD7C-8DDD17F0C44E}.AppStore|x64.Build.0 = Release|Any CPU
		{3F664E6C-93BF-4D67-AD7C-8DDD17F0C44E}.AppStore|x64.Deploy.0 = Release|Any CPU
		{3F664E6C-93BF-4D67-AD7C-8DDD17F0C44E}.AppStore|x86.ActiveCfg = Release|Any CPU
		{3F664E6C-93BF-4D67-AD7C-8DDD17F0C44E}.AppStore|x86.Build.0 = Release|Any CPU
		{3F664E6C-93BF-4D67-AD7C-8DDD17F0C44E}.AppStore|x86.Deploy.0 = Release|Any CPU
		{3F664E6C-93BF-4D67-AD7C-8DDD17F0C44E}.Debug|Any CPU.ActiveCfg = Debug|Any CPU
		{3F664E6C-93BF-4D67-AD7C-8DDD17F0C44E}.Debug|Any CPU.Build.0 = Debug|Any CPU
		{3F664E6C-93BF-4D67-AD7C-8DDD17F0C44E}.Debug|Any CPU.Deploy.0 = Debug|Any CPU
		{3F664E6C-93BF-4D67-AD7C-8DDD17F0C44E}.Debug|ARM.ActiveCfg = Debug|Any CPU
		{3F664E6C-93BF-4D67-AD7C-8DDD17F0C44E}.Debug|ARM.Build.0 = Debug|Any CPU
		{3F664E6C-93BF-4D67-AD7C-8DDD17F0C44E}.Debug|ARM.Deploy.0 = Debug|Any CPU
		{3F664E6C-93BF-4D67-AD7C-8DDD17F0C44E}.Debug|iPhone.ActiveCfg = Debug|Any CPU
		{3F664E6C-93BF-4D67-AD7C-8DDD17F0C44E}.Debug|iPhone.Build.0 = Debug|Any CPU
		{3F664E6C-93BF-4D67-AD7C-8DDD17F0C44E}.Debug|iPhone.Deploy.0 = Debug|Any CPU
		{3F664E6C-93BF-4D67-AD7C-8DDD17F0C44E}.Debug|iPhoneSimulator.ActiveCfg = Debug|Any CPU
		{3F664E6C-93BF-4D67-AD7C-8DDD17F0C44E}.Debug|iPhoneSimulator.Build.0 = Debug|Any CPU
		{3F664E6C-93BF-4D67-AD7C-8DDD17F0C44E}.Debug|iPhoneSimulator.Deploy.0 = Debug|Any CPU
		{3F664E6C-93BF-4D67-AD7C-8DDD17F0C44E}.Debug|x64.ActiveCfg = Debug|Any CPU
		{3F664E6C-93BF-4D67-AD7C-8DDD17F0C44E}.Debug|x64.Build.0 = Debug|Any CPU
		{3F664E6C-93BF-4D67-AD7C-8DDD17F0C44E}.Debug|x64.Deploy.0 = Debug|Any CPU
		{3F664E6C-93BF-4D67-AD7C-8DDD17F0C44E}.Debug|x86.ActiveCfg = Debug|Any CPU
		{3F664E6C-93BF-4D67-AD7C-8DDD17F0C44E}.Debug|x86.Build.0 = Debug|Any CPU
		{3F664E6C-93BF-4D67-AD7C-8DDD17F0C44E}.Debug|x86.Deploy.0 = Debug|Any CPU
		{3F664E6C-93BF-4D67-AD7C-8DDD17F0C44E}.Release|Any CPU.ActiveCfg = Release|Any CPU
		{3F664E6C-93BF-4D67-AD7C-8DDD17F0C44E}.Release|Any CPU.Build.0 = Release|Any CPU
		{3F664E6C-93BF-4D67-AD7C-8DDD17F0C44E}.Release|Any CPU.Deploy.0 = Release|Any CPU
		{3F664E6C-93BF-4D67-AD7C-8DDD17F0C44E}.Release|ARM.ActiveCfg = Release|Any CPU
		{3F664E6C-93BF-4D67-AD7C-8DDD17F0C44E}.Release|ARM.Build.0 = Release|Any CPU
		{3F664E6C-93BF-4D67-AD7C-8DDD17F0C44E}.Release|ARM.Deploy.0 = Release|Any CPU
		{3F664E6C-93BF-4D67-AD7C-8DDD17F0C44E}.Release|iPhone.ActiveCfg = Release|Any CPU
		{3F664E6C-93BF-4D67-AD7C-8DDD17F0C44E}.Release|iPhone.Build.0 = Release|Any CPU
		{3F664E6C-93BF-4D67-AD7C-8DDD17F0C44E}.Release|iPhone.Deploy.0 = Release|Any CPU
		{3F664E6C-93BF-4D67-AD7C-8DDD17F0C44E}.Release|iPhoneSimulator.ActiveCfg = Release|Any CPU
		{3F664E6C-93BF-4D67-AD7C-8DDD17F0C44E}.Release|iPhoneSimulator.Build.0 = Release|Any CPU
		{3F664E6C-93BF-4D67-AD7C-8DDD17F0C44E}.Release|iPhoneSimulator.Deploy.0 = Release|Any CPU
		{3F664E6C-93BF-4D67-AD7C-8DDD17F0C44E}.Release|x64.ActiveCfg = Release|Any CPU
		{3F664E6C-93BF-4D67-AD7C-8DDD17F0C44E}.Release|x64.Build.0 = Release|Any CPU
		{3F664E6C-93BF-4D67-AD7C-8DDD17F0C44E}.Release|x64.Deploy.0 = Release|Any CPU
		{3F664E6C-93BF-4D67-AD7C-8DDD17F0C44E}.Release|x86.ActiveCfg = Release|Any CPU
		{3F664E6C-93BF-4D67-AD7C-8DDD17F0C44E}.Release|x86.Build.0 = Release|Any CPU
		{3F664E6C-93BF-4D67-AD7C-8DDD17F0C44E}.Release|x86.Deploy.0 = Release|Any CPU
		{4E7934B7-FE0F-4188-9D6D-C30D354CB7F4}.Ad-Hoc|Any CPU.ActiveCfg = Ad-Hoc|iPhone
		{4E7934B7-FE0F-4188-9D6D-C30D354CB7F4}.Ad-Hoc|ARM.ActiveCfg = Ad-Hoc|iPhone
		{4E7934B7-FE0F-4188-9D6D-C30D354CB7F4}.Ad-Hoc|iPhone.ActiveCfg = Ad-Hoc|iPhone
		{4E7934B7-FE0F-4188-9D6D-C30D354CB7F4}.Ad-Hoc|iPhone.Build.0 = Ad-Hoc|iPhone
		{4E7934B7-FE0F-4188-9D6D-C30D354CB7F4}.Ad-Hoc|iPhoneSimulator.ActiveCfg = Ad-Hoc|iPhoneSimulator
		{4E7934B7-FE0F-4188-9D6D-C30D354CB7F4}.Ad-Hoc|iPhoneSimulator.Build.0 = Ad-Hoc|iPhoneSimulator
		{4E7934B7-FE0F-4188-9D6D-C30D354CB7F4}.Ad-Hoc|x64.ActiveCfg = Ad-Hoc|iPhone
		{4E7934B7-FE0F-4188-9D6D-C30D354CB7F4}.Ad-Hoc|x86.ActiveCfg = Ad-Hoc|iPhone
		{4E7934B7-FE0F-4188-9D6D-C30D354CB7F4}.AppStore|Any CPU.ActiveCfg = AppStore|iPhone
		{4E7934B7-FE0F-4188-9D6D-C30D354CB7F4}.AppStore|ARM.ActiveCfg = AppStore|iPhone
		{4E7934B7-FE0F-4188-9D6D-C30D354CB7F4}.AppStore|iPhone.ActiveCfg = AppStore|iPhone
		{4E7934B7-FE0F-4188-9D6D-C30D354CB7F4}.AppStore|iPhone.Build.0 = AppStore|iPhone
		{4E7934B7-FE0F-4188-9D6D-C30D354CB7F4}.AppStore|iPhoneSimulator.ActiveCfg = AppStore|iPhoneSimulator
		{4E7934B7-FE0F-4188-9D6D-C30D354CB7F4}.AppStore|iPhoneSimulator.Build.0 = AppStore|iPhoneSimulator
		{4E7934B7-FE0F-4188-9D6D-C30D354CB7F4}.AppStore|x64.ActiveCfg = AppStore|iPhone
		{4E7934B7-FE0F-4188-9D6D-C30D354CB7F4}.AppStore|x86.ActiveCfg = AppStore|iPhone
		{4E7934B7-FE0F-4188-9D6D-C30D354CB7F4}.Debug|Any CPU.ActiveCfg = Debug|iPhone
		{4E7934B7-FE0F-4188-9D6D-C30D354CB7F4}.Debug|ARM.ActiveCfg = Debug|iPhone
		{4E7934B7-FE0F-4188-9D6D-C30D354CB7F4}.Debug|iPhone.ActiveCfg = Debug|iPhone
		{4E7934B7-FE0F-4188-9D6D-C30D354CB7F4}.Debug|iPhone.Build.0 = Debug|iPhone
		{4E7934B7-FE0F-4188-9D6D-C30D354CB7F4}.Debug|iPhoneSimulator.ActiveCfg = Debug|iPhoneSimulator
		{4E7934B7-FE0F-4188-9D6D-C30D354CB7F4}.Debug|iPhoneSimulator.Build.0 = Debug|iPhoneSimulator
		{4E7934B7-FE0F-4188-9D6D-C30D354CB7F4}.Debug|x64.ActiveCfg = Debug|iPhone
		{4E7934B7-FE0F-4188-9D6D-C30D354CB7F4}.Debug|x86.ActiveCfg = Debug|iPhone
		{4E7934B7-FE0F-4188-9D6D-C30D354CB7F4}.Release|Any CPU.ActiveCfg = Release|iPhone
		{4E7934B7-FE0F-4188-9D6D-C30D354CB7F4}.Release|ARM.ActiveCfg = Release|iPhone
		{4E7934B7-FE0F-4188-9D6D-C30D354CB7F4}.Release|iPhone.ActiveCfg = Release|iPhone
		{4E7934B7-FE0F-4188-9D6D-C30D354CB7F4}.Release|iPhone.Build.0 = Release|iPhone
		{4E7934B7-FE0F-4188-9D6D-C30D354CB7F4}.Release|iPhoneSimulator.ActiveCfg = Release|iPhoneSimulator
		{4E7934B7-FE0F-4188-9D6D-C30D354CB7F4}.Release|iPhoneSimulator.Build.0 = Release|iPhoneSimulator
		{4E7934B7-FE0F-4188-9D6D-C30D354CB7F4}.Release|x64.ActiveCfg = Release|iPhone
		{4E7934B7-FE0F-4188-9D6D-C30D354CB7F4}.Release|x86.ActiveCfg = Release|iPhone
		{A6D7455A-31EE-4648-89A4-9EF0C1459829}.Ad-Hoc|Any CPU.ActiveCfg = Release|x86
		{A6D7455A-31EE-4648-89A4-9EF0C1459829}.Ad-Hoc|Any CPU.Build.0 = Release|x86
		{A6D7455A-31EE-4648-89A4-9EF0C1459829}.Ad-Hoc|Any CPU.Deploy.0 = Release|x86
		{A6D7455A-31EE-4648-89A4-9EF0C1459829}.Ad-Hoc|ARM.ActiveCfg = Release|ARM
		{A6D7455A-31EE-4648-89A4-9EF0C1459829}.Ad-Hoc|ARM.Build.0 = Release|ARM
		{A6D7455A-31EE-4648-89A4-9EF0C1459829}.Ad-Hoc|ARM.Deploy.0 = Release|ARM
		{A6D7455A-31EE-4648-89A4-9EF0C1459829}.Ad-Hoc|iPhone.ActiveCfg = Release|x86
		{A6D7455A-31EE-4648-89A4-9EF0C1459829}.Ad-Hoc|iPhone.Build.0 = Release|x86
		{A6D7455A-31EE-4648-89A4-9EF0C1459829}.Ad-Hoc|iPhone.Deploy.0 = Release|x86
		{A6D7455A-31EE-4648-89A4-9EF0C1459829}.Ad-Hoc|iPhoneSimulator.ActiveCfg = Release|x86
		{A6D7455A-31EE-4648-89A4-9EF0C1459829}.Ad-Hoc|iPhoneSimulator.Build.0 = Release|x86
		{A6D7455A-31EE-4648-89A4-9EF0C1459829}.Ad-Hoc|iPhoneSimulator.Deploy.0 = Release|x86
		{A6D7455A-31EE-4648-89A4-9EF0C1459829}.Ad-Hoc|x64.ActiveCfg = Release|x64
		{A6D7455A-31EE-4648-89A4-9EF0C1459829}.Ad-Hoc|x64.Build.0 = Release|x64
		{A6D7455A-31EE-4648-89A4-9EF0C1459829}.Ad-Hoc|x64.Deploy.0 = Release|x64
		{A6D7455A-31EE-4648-89A4-9EF0C1459829}.Ad-Hoc|x86.ActiveCfg = Release|x86
		{A6D7455A-31EE-4648-89A4-9EF0C1459829}.Ad-Hoc|x86.Build.0 = Release|x86
		{A6D7455A-31EE-4648-89A4-9EF0C1459829}.Ad-Hoc|x86.Deploy.0 = Release|x86
		{A6D7455A-31EE-4648-89A4-9EF0C1459829}.AppStore|Any CPU.ActiveCfg = Release|x86
		{A6D7455A-31EE-4648-89A4-9EF0C1459829}.AppStore|Any CPU.Build.0 = Release|x86
		{A6D7455A-31EE-4648-89A4-9EF0C1459829}.AppStore|Any CPU.Deploy.0 = Release|x86
		{A6D7455A-31EE-4648-89A4-9EF0C1459829}.AppStore|ARM.ActiveCfg = Release|ARM
		{A6D7455A-31EE-4648-89A4-9EF0C1459829}.AppStore|ARM.Build.0 = Release|ARM
		{A6D7455A-31EE-4648-89A4-9EF0C1459829}.AppStore|ARM.Deploy.0 = Release|ARM
		{A6D7455A-31EE-4648-89A4-9EF0C1459829}.AppStore|iPhone.ActiveCfg = Release|x86
		{A6D7455A-31EE-4648-89A4-9EF0C1459829}.AppStore|iPhone.Build.0 = Release|x86
		{A6D7455A-31EE-4648-89A4-9EF0C1459829}.AppStore|iPhone.Deploy.0 = Release|x86
		{A6D7455A-31EE-4648-89A4-9EF0C1459829}.AppStore|iPhoneSimulator.ActiveCfg = Release|x86
		{A6D7455A-31EE-4648-89A4-9EF0C1459829}.AppStore|iPhoneSimulator.Build.0 = Release|x86
		{A6D7455A-31EE-4648-89A4-9EF0C1459829}.AppStore|iPhoneSimulator.Deploy.0 = Release|x86
		{A6D7455A-31EE-4648-89A4-9EF0C1459829}.AppStore|x64.ActiveCfg = Release|x64
		{A6D7455A-31EE-4648-89A4-9EF0C1459829}.AppStore|x64.Build.0 = Release|x64
		{A6D7455A-31EE-4648-89A4-9EF0C1459829}.AppStore|x64.Deploy.0 = Release|x64
		{A6D7455A-31EE-4648-89A4-9EF0C1459829}.AppStore|x86.ActiveCfg = Release|x86
		{A6D7455A-31EE-4648-89A4-9EF0C1459829}.AppStore|x86.Build.0 = Release|x86
		{A6D7455A-31EE-4648-89A4-9EF0C1459829}.AppStore|x86.Deploy.0 = Release|x86
		{A6D7455A-31EE-4648-89A4-9EF0C1459829}.Debug|Any CPU.ActiveCfg = Debug|x86
		{A6D7455A-31EE-4648-89A4-9EF0C1459829}.Debug|ARM.ActiveCfg = Debug|ARM
		{A6D7455A-31EE-4648-89A4-9EF0C1459829}.Debug|ARM.Build.0 = Debug|ARM
		{A6D7455A-31EE-4648-89A4-9EF0C1459829}.Debug|ARM.Deploy.0 = Debug|ARM
		{A6D7455A-31EE-4648-89A4-9EF0C1459829}.Debug|iPhone.ActiveCfg = Debug|x86
		{A6D7455A-31EE-4648-89A4-9EF0C1459829}.Debug|iPhoneSimulator.ActiveCfg = Debug|x86
		{A6D7455A-31EE-4648-89A4-9EF0C1459829}.Debug|x64.ActiveCfg = Debug|x64
		{A6D7455A-31EE-4648-89A4-9EF0C1459829}.Debug|x64.Build.0 = Debug|x64
		{A6D7455A-31EE-4648-89A4-9EF0C1459829}.Debug|x64.Deploy.0 = Debug|x64
		{A6D7455A-31EE-4648-89A4-9EF0C1459829}.Debug|x86.ActiveCfg = Debug|x86
		{A6D7455A-31EE-4648-89A4-9EF0C1459829}.Debug|x86.Build.0 = Debug|x86
		{A6D7455A-31EE-4648-89A4-9EF0C1459829}.Debug|x86.Deploy.0 = Debug|x86
		{A6D7455A-31EE-4648-89A4-9EF0C1459829}.Release|Any CPU.ActiveCfg = Release|x86
		{A6D7455A-31EE-4648-89A4-9EF0C1459829}.Release|ARM.ActiveCfg = Release|ARM
		{A6D7455A-31EE-4648-89A4-9EF0C1459829}.Release|ARM.Build.0 = Release|ARM
		{A6D7455A-31EE-4648-89A4-9EF0C1459829}.Release|ARM.Deploy.0 = Release|ARM
		{A6D7455A-31EE-4648-89A4-9EF0C1459829}.Release|iPhone.ActiveCfg = Release|x86
		{A6D7455A-31EE-4648-89A4-9EF0C1459829}.Release|iPhoneSimulator.ActiveCfg = Release|x86
		{A6D7455A-31EE-4648-89A4-9EF0C1459829}.Release|x64.ActiveCfg = Release|x64
		{A6D7455A-31EE-4648-89A4-9EF0C1459829}.Release|x64.Build.0 = Release|x64
		{A6D7455A-31EE-4648-89A4-9EF0C1459829}.Release|x64.Deploy.0 = Release|x64
		{A6D7455A-31EE-4648-89A4-9EF0C1459829}.Release|x86.ActiveCfg = Release|x86
		{A6D7455A-31EE-4648-89A4-9EF0C1459829}.Release|x86.Build.0 = Release|x86
		{A6D7455A-31EE-4648-89A4-9EF0C1459829}.Release|x86.Deploy.0 = Release|x86
	EndGlobalSection
	GlobalSection(SolutionProperties) = preSolution
		HideSolutionNode = FALSE
	EndGlobalSection
EndGlobal
